# THIS IS AN AUTOGENERATED FILE. DO NOT EDIT THIS FILE DIRECTLY.
# yarn lockfile v1


"@babel/runtime@^7.0.0":
  version "7.2.0"
  resolved "https://registry.yarnpkg.com/@babel/runtime/-/runtime-7.2.0.tgz#b03e42eeddf5898e00646e4c840fa07ba8dcad7f"
  dependencies:
    regenerator-runtime "^0.12.0"

"@redux-saga/core@^1.0.0":
  version "1.0.0"
  resolved "https://registry.yarnpkg.com/@redux-saga/core/-/core-1.0.0.tgz#bbcbbc7f48eaaf13ccc42e005b6e33513ca3eac1"
  dependencies:
    "@babel/runtime" "^7.0.0"
    "@redux-saga/deferred" "^1.0.0"
    "@redux-saga/delay-p" "^1.0.0"
    "@redux-saga/is" "^1.0.0"
    "@redux-saga/symbols" "^1.0.0"
    "@redux-saga/types" "^1.0.0"
    redux ">=0.10 <5"
    typescript-tuple "^2.1.0"

"@redux-saga/deferred@^1.0.0":
  version "1.0.0"
  resolved "https://registry.yarnpkg.com/@redux-saga/deferred/-/deferred-1.0.0.tgz#faab86924114d411cc37be5c13dad7d9fe6ebced"

"@redux-saga/delay-p@^1.0.0":
  version "1.0.0"
  resolved "https://registry.yarnpkg.com/@redux-saga/delay-p/-/delay-p-1.0.0.tgz#eefe4213080d517cc2a5429146ba3f44ece3de26"
  dependencies:
    "@redux-saga/symbols" "^1.0.0"

"@redux-saga/is@^1.0.0":
  version "1.0.0"
  resolved "https://registry.yarnpkg.com/@redux-saga/is/-/is-1.0.0.tgz#b9059508e7704d0469a10913c6816cac70f7278f"
  dependencies:
    "@redux-saga/symbols" "^1.0.0"
    "@redux-saga/types" "^1.0.0"

"@redux-saga/symbols@^1.0.0":
  version "1.0.0"
  resolved "https://registry.yarnpkg.com/@redux-saga/symbols/-/symbols-1.0.0.tgz#264748aff73feb5ea2627b2a1c5ef15f6a0fac5e"

"@redux-saga/types@^1.0.0":
  version "1.0.0"
  resolved "https://registry.yarnpkg.com/@redux-saga/types/-/types-1.0.0.tgz#9342b7eb52ed3c903e122841407d4984b7338339"

"js-tokens@^3.0.0 || ^4.0.0":
  version "4.0.0"
  resolved "https://registry.yarnpkg.com/js-tokens/-/js-tokens-4.0.0.tgz#19203fb59991df98e3a287050d4647cdeaf32499"

loose-envify@^1.4.0:
  version "1.4.0"
  resolved "https://registry.yarnpkg.com/loose-envify/-/loose-envify-1.4.0.tgz#71ee51fa7be4caec1a63839f7e682d8132d30caf"
  dependencies:
    js-tokens "^3.0.0 || ^4.0.0"

redux-saga@^1.0.0:
  version "1.0.0"
  resolved "https://registry.yarnpkg.com/redux-saga/-/redux-saga-1.0.0.tgz#acb8b3ed9180fecbe75f342011d75af3ac11045b"
  dependencies:
    "@redux-saga/core" "^1.0.0"

"redux@>=0.10 <5":
  version "4.0.1"
  resolved "https://registry.yarnpkg.com/redux/-/redux-4.0.1.tgz#436cae6cc40fbe4727689d7c8fae44808f1bfef5"
  dependencies:
    loose-envify "^1.4.0"
    symbol-observable "^1.2.0"

regenerator-runtime@^0.12.0:
  version "0.12.1"
  resolved "https://registry.yarnpkg.com/regenerator-runtime/-/regenerator-runtime-0.12.1.tgz#fa1a71544764c036f8c49b13a08b2594c9f8a0de"

symbol-observable@^1.2.0:
  version "1.2.0"
  resolved "https://registry.yarnpkg.com/symbol-observable/-/symbol-observable-1.2.0.tgz#c22688aed4eab3cdc2dfeacbb561660560a00804"

typescript-compare@^0.0.2:
  version "0.0.2"
  resolved "https://registry.yarnpkg.com/typescript-compare/-/typescript-compare-0.0.2.tgz#7ee40a400a406c2ea0a7e551efd3309021d5f425"
  dependencies:
    typescript-logic "^0.0.0"

typescript-logic@^0.0.0:
  version "0.0.0"
  resolved "https://registry.yarnpkg.com/typescript-logic/-/typescript-logic-0.0.0.tgz#66ebd82a2548f2b444a43667bec120b496890196"

typescript-tuple@^2.1.0:
  version "2.1.0"
  resolved "https://registry.yarnpkg.com/typescript-tuple/-/typescript-tuple-2.1.0.tgz#22f0c5c605ecb659e8af310152e4f5abf1f80bd5"
  dependencies:
    typescript-compare "^0.0.2"
